
Microsoft Visual Studio Solution File, Format Version 11.00
# Visual Studio 2010
Project("{FAE04EC0-301F-11D3-BF4B-00C04F79EFBC}") = "CtripAutoXSD", "CtripAutoXSD\CtripAutoXSD.csproj", "{222D4E45-8C51-4BE9-B8C4-84B937373830}"
EndProject
Project("{FAE04EC0-301F-11D3-BF4B-00C04F79EFBC}") = "RazorTplTest", "RazorTplTest\RazorTplTest.csproj", "{0C9FF5C9-B78F-4425-8081-2E665916B3C7}"
EndProject
Global
	GlobalSection(SolutionConfigurationPlatforms) = preSolution
		Debug|Any CPU = Debug|Any CPU
		Debug|Mixed Platforms = Debug|Mixed Platforms
		Debug|x86 = Debug|x86
		Release|Any CPU = Release|Any CPU
		Release|Mixed Platforms = Release|Mixed Platforms
		Release|x86 = Release|x86
	EndGlobalSection
	GlobalSection(ProjectConfigurationPlatforms) = postSolution
		{222D4E45-8C51-4BE9-B8C4-84B937373830}.Debug|Any CPU.ActiveCfg = Debug|Any CPU
		{222D4E45-8C51-4BE9-B8C4-84B937373830}.Debug|Any CPU.Build.0 = Debug|Any CPU
		{222D4E45-8C51-4BE9-B8C4-84B937373830}.Debug|Mixed Platforms.ActiveCfg = Debug|Any CPU
		{222D4E45-8C51-4BE9-B8C4-84B937373830}.Debug|Mixed Platforms.Build.0 = Debug|Any CPU
		{222D4E45-8C51-4BE9-B8C4-84B937373830}.Debug|x86.ActiveCfg = Debug|Any CPU
		{222D4E45-8C51-4BE9-B8C4-84B937373830}.Release|Any CPU.ActiveCfg = Release|Any CPU
		{222D4E45-8C51-4BE9-B8C4-84B937373830}.Release|Any CPU.Build.0 = Release|Any CPU
		{222D4E45-8C51-4BE9-B8C4-84B937373830}.Release|Mixed Platforms.ActiveCfg = Release|Any CPU
		{222D4E45-8C51-4BE9-B8C4-84B937373830}.Release|Mixed Platforms.Build.0 = Release|Any CPU
		{222D4E45-8C51-4BE9-B8C4-84B937373830}.Release|x86.ActiveCfg = Release|Any CPU
		{0C9FF5C9-B78F-4425-8081-2E665916B3C7}.Debug|Any CPU.ActiveCfg = Debug|x86
		{0C9FF5C9-B78F-4425-8081-2E665916B3C7}.Debug|Mixed Platforms.ActiveCfg = Debug|x86
		{0C9FF5C9-B78F-4425-8081-2E665916B3C7}.Debug|Mixed Platforms.Build.0 = Debug|x86
		{0C9FF5C9-B78F-4425-8081-2E665916B3C7}.Debug|x86.ActiveCfg = Debug|x86
		{0C9FF5C9-B78F-4425-8081-2E665916B3C7}.Debug|x86.Build.0 = Debug|x86
		{0C9FF5C9-B78F-4425-8081-2E665916B3C7}.Release|Any CPU.ActiveCfg = Release|x86
		{0C9FF5C9-B78F-4425-8081-2E665916B3C7}.Release|Mixed Platforms.ActiveCfg = Release|x86
		{0C9FF5C9-B78F-4425-8081-2E665916B3C7}.Release|Mixed Platforms.Build.0 = Release|x86
		{0C9FF5C9-B78F-4425-8081-2E665916B3C7}.Release|x86.ActiveCfg = Release|x86
		{0C9FF5C9-B78F-4425-8081-2E665916B3C7}.Release|x86.Build.0 = Release|x86
	EndGlobalSection
	GlobalSection(SolutionProperties) = preSolution
		HideSolutionNode = FALSE
	EndGlobalSection
EndGlobal
